
Microsoft Visual Studio Solution File, Format Version 12.00
# Visual Studio 15
VisualStudioVersion = 15.0.28307.489
MinimumVisualStudioVersion = 10.0.40219.1
Project("{FAE04EC0-301F-11D3-BF4B-00C04F79EFBC}") = "Deliverable 2 - Fun Places", "Deliverable 2 - Fun Places\Deliverable 2 - Fun Places.csproj", "{2413E337-73C8-42D2-A8CB-773BA4544879}"
EndProject
Global
	GlobalSection(SolutionConfigurationPlatforms) = preSolution
		Debug|Any CPU = Debug|Any CPU
		Release|Any CPU = Release|Any CPU
	EndGlobalSection
	GlobalSection(ProjectConfigurationPlatforms) = postSolution
		{2413E337-73C8-42D2-A8CB-773BA4544879}.Debug|Any CPU.ActiveCfg = Debug|Any CPU
		{2413E337-73C8-42D2-A8CB-773BA4544879}.Debug|Any CPU.Build.0 = Debug|Any CPU
		{2413E337-73C8-42D2-A8CB-773BA4544879}.Release|Any CPU.ActiveCfg = Release|Any CPU
		{2413E337-73C8-42D2-A8CB-773BA4544879}.Release|Any CPU.Build.0 = Release|Any CPU
	EndGlobalSection
	GlobalSection(SolutionProperties) = preSolution
		HideSolutionNode = FALSE
	EndGlobalSection
	GlobalSection(ExtensibilityGlobals) = postSolution
		SolutionGuid = {22F9CA78-A584-406C-B0DA-3AB8823B9D5C}
	EndGlobalSection
EndGlobal
